
Microsoft Visual Studio Solution File, Format Version 12.00
# Visual Studio Version 17
VisualStudioVersion = 17.7.34009.444
MinimumVisualStudioVersion = 10.0.40219.1
Project("{FAE04EC0-301F-11D3-BF4B-00C04F79EFBC}") = "MyASPCoreAPP", "MyASPCoreAPP\MyASPCoreAPP.csproj", "{88963128-E0B2-416C-A8EA-CF6A54CD37C5}"
EndProject
Global
	GlobalSection(SolutionConfigurationPlatforms) = preSolution
		Debug|Any CPU = Debug|Any CPU
		Release|Any CPU = Release|Any CPU
	EndGlobalSection
	GlobalSection(ProjectConfigurationPlatforms) = postSolution
		{88963128-E0B2-416C-A8EA-CF6A54CD37C5}.Debug|Any CPU.ActiveCfg = Debug|Any CPU
		{88963128-E0B2-416C-A8EA-CF6A54CD37C5}.Debug|Any CPU.Build.0 = Debug|Any CPU
		{88963128-E0B2-416C-A8EA-CF6A54CD37C5}.Release|Any CPU.ActiveCfg = Release|Any CPU
		{88963128-E0B2-416C-A8EA-CF6A54CD37C5}.Release|Any CPU.Build.0 = Release|Any CPU
	EndGlobalSection
	GlobalSection(SolutionProperties) = preSolution
		HideSolutionNode = FALSE
	EndGlobalSection
	GlobalSection(ExtensibilityGlobals) = postSolution
		SolutionGuid = {115D4D68-A55B-453C-A9D5-D2D3AC9F2171}
	EndGlobalSection
EndGlobal
